PODS:
  - Alamofire (5.4.3)
  - Moya (14.0.0):
    - Moya/Core (= 14.0.0)
  - Moya/Core (14.0.0):
    - Alamofire (~> 5.0)
  - NVActivityIndicatorView (4.8.0):
    - NVActivityIndicatorView/Presenter (= 4.8.0)
  - NVActivityIndicatorView/Presenter (4.8.0)
  - RxCocoa (6.5.0):
    - RxRelay (= 6.5.0)
    - RxSwift (= 6.5.0)
  - RxRelay (6.5.0):
    - RxSwift (= 6.5.0)
  - RxSwift (6.5.0)
  - SDWebImage (5.11.1):
    - SDWebImage/Core (= 5.11.1)
  - SDWebImage/Core (5.11.1)
  - ZKCarousel (1.1.0)

DEPENDENCIES:
  - Moya (~> 14.0)
  - NVActivityIndicatorView (from `https://github.com/ninjaprox/NVActivityIndicatorView.git`, tag `4.8.0`)
  - RxCocoa
  - RxSwift
  - SDWebImage (~> 5.0)
  - ZKCarousel (from `https://github.com/Mohamed-AbdulRaouf/ZKCarousel.git`, branch `master`)

SPEC REPOS:
  trunk:
    - Alamofire
    - Moya
    - RxCocoa
    - RxRelay
    - RxSwift
    - SDWebImage

EXTERNAL SOURCES:
  NVActivityIndicatorView:
    :git: https://github.com/ninjaprox/NVActivityIndicatorView.git
    :tag: 4.8.0
  ZKCarousel:
    :branch: master
    :git: https://github.com/Mohamed-AbdulRaouf/ZKCarousel.git

CHECKOUT OPTIONS:
  NVActivityIndicatorView:
    :git: https://github.com/ninjaprox/NVActivityIndicatorView.git
    :tag: 4.8.0
  ZKCarousel:
    :commit: 59a65bcc30ea8127df1c0f764e4bf19784d25d91
    :git: https://github.com/Mohamed-AbdulRaouf/ZKCarousel.git

SPEC CHECKSUMS:
  Alamofire: e447a2774a40c996748296fa2c55112fdbbc42f9
  Moya: 5b45dacb75adb009f97fde91c204c1e565d31916
  NVActivityIndicatorView: 24b713d5140767dc43097cd9d5ff719ff0660bdc
  RxCocoa: 94f817b71c07517321eb4f9ad299112ca8af743b
  RxRelay: 1de1523e604c72b6c68feadedd1af3b1b4d0ecbd
  RxSwift: 5710a9e6b17f3c3d6e40d6e559b9fa1e813b2ef8
  SDWebImage: a7f831e1a65eb5e285e3fb046a23fcfbf08e696d
  ZKCarousel: 935e0aa9beed83824588d9a82d8bafa5b6fc19db

PODFILE CHECKSUM: d05a1a88c038820b058698748bd5b8ba4f108c98

COCOAPODS: 1.11.2
